
Microsoft Visual Studio Solution File, Format Version 12.00
# Visual Studio 14
VisualStudioVersion = 14.0.25420.1
MinimumVisualStudioVersion = 10.0.40219.1
Project("{FAE04EC0-301F-11D3-BF4B-00C04F79EFBC}") = "flashresUniversalSystem", "flashresUniversalSystem\flashresUniversalSystem.csproj", "{7AAB710D-983C-4525-9686-A1070B7D09B5}"
EndProject
Project("{FAE04EC0-301F-11D3-BF4B-00C04F79EFBC}") = "TCPServer", "TCPServer\TCPServer.csproj", "{2BEB9A2E-99C9-4526-ADED-251BA85C18B8}"
EndProject
Global
	GlobalSection(SolutionConfigurationPlatforms) = preSolution
		Debug|Any CPU = Debug|Any CPU
		Release|Any CPU = Release|Any CPU
	EndGlobalSection
	GlobalSection(ProjectConfigurationPlatforms) = postSolution
		{7AAB710D-983C-4525-9686-A1070B7D09B5}.Debug|Any CPU.ActiveCfg = Debug|Any CPU
		{7AAB710D-983C-4525-9686-A1070B7D09B5}.Debug|Any CPU.Build.0 = Debug|Any CPU
		{7AAB710D-983C-4525-9686-A1070B7D09B5}.Release|Any CPU.ActiveCfg = Release|Any CPU
		{7AAB710D-983C-4525-9686-A1070B7D09B5}.Release|Any CPU.Build.0 = Release|Any CPU
		{2BEB9A2E-99C9-4526-ADED-251BA85C18B8}.Debug|Any CPU.ActiveCfg = Debug|Any CPU
		{2BEB9A2E-99C9-4526-ADED-251BA85C18B8}.Debug|Any CPU.Build.0 = Debug|Any CPU
		{2BEB9A2E-99C9-4526-ADED-251BA85C18B8}.Release|Any CPU.ActiveCfg = Release|Any CPU
		{2BEB9A2E-99C9-4526-ADED-251BA85C18B8}.Release|Any CPU.Build.0 = Release|Any CPU
	EndGlobalSection
	GlobalSection(SolutionProperties) = preSolution
		HideSolutionNode = FALSE
	EndGlobalSection
EndGlobal
